{
  "requires": true,
  "lockfileVersion": 1,
  "dependencies": {
    "beta-code-js": {
      "version": "1.0.4",
      "resolved": "https://registry.npmjs.org/beta-code-js/-/beta-code-js-1.0.4.tgz",
      "integrity": "sha512-PMPtrOGdyi6h8d2rt7Xj301YuL0161LkzClsR8tkynrStWhW5VWblCVkqLrvm5FJnGChPyvSCV9YQlcvWp7pYw=="
    }
  }
}
