# THIS IS AN AUTOGENERATED FILE. DO NOT EDIT THIS FILE DIRECTLY.
# yarn lockfile v1


beta-code-js@^3.0.0:
  version "3.0.0"
  resolved "https://registry.yarnpkg.com/beta-code-js/-/beta-code-js-3.0.0.tgz#391f9a74abfdb2e359da468ff49ea5213065c24f"
  integrity sha512-dScdLgJf6VtOspPgcm+IgNCCvbvvuyBErMu6Crp5GCDUVXlfnkzyn70EtFOPFvIrGCcU4FJxDM33FhTbRNc2hw==
