# THIS IS AN AUTOGENERATED FILE. DO NOT EDIT THIS FILE DIRECTLY.
# yarn lockfile v1


beta-code-js@^1.0.7:
  version "1.0.7"
  resolved "https://registry.yarnpkg.com/beta-code-js/-/beta-code-js-1.0.7.tgz#93f12d685391e494a0a3e034fabf71eefd0e5345"
  integrity sha512-NMKv2lQRErKACgP9lqNNt8R15HIn0whkHq+vg64aTQLamWRzY9/2TaVb6qBDHQR1w1GKJvSTXgJQktaJU9vm/A==
